// !$*UTF8*$!
{
	archiveVersion = 1;
	classes = {
	};
	objectVersion = 55;
	objects = {

/* Begin PBXBuildFile section */
		8302801128CE4F52009771A0 /* FilterViewModel.swift in Sources */ = {isa = PBXBuildFile; fileRef = 8302801028CE4F52009771A0 /* FilterViewModel.swift */; };
		8302801528CE51AB009771A0 /* NewsDetailsViewModel.swift in Sources */ = {isa = PBXBuildFile; fileRef = 8302801428CE51AB009771A0 /* NewsDetailsViewModel.swift */; };
		83B7639928CCA9D100A64368 /* RootView.swift in Sources */ = {isa = PBXBuildFile; fileRef = 83B7639828CCA9D100A64368 /* RootView.swift */; };
		83B7639B28CCA9D100A64368 /* NewsListView.swift in Sources */ = {isa = PBXBuildFile; fileRef = 83B7639A28CCA9D100A64368 /* NewsListView.swift */; };
		83B7639D28CCA9D300A64368 /* Assets.xcassets in Resources */ = {isa = PBXBuildFile; fileRef = 83B7639C28CCA9D300A64368 /* Assets.xcassets */; };
		83B763A028CCA9D300A64368 /* Preview Assets.xcassets in Resources */ = {isa = PBXBuildFile; fileRef = 83B7639F28CCA9D300A64368 /* Preview Assets.xcassets */; };
		83B763AA28CCA9D400A64368 /* JasemNewsFeedsTests.swift in Sources */ = {isa = PBXBuildFile; fileRef = 83B763A928CCA9D400A64368 /* JasemNewsFeedsTests.swift */; };
		83B763B428CCA9D400A64368 /* JasemNewsFeedsUITests.swift in Sources */ = {isa = PBXBuildFile; fileRef = 83B763B328CCA9D400A64368 /* JasemNewsFeedsUITests.swift */; };
		83B763B628CCA9D400A64368 /* JasemNewsFeedsUITestsLaunchTests.swift in Sources */ = {isa = PBXBuildFile; fileRef = 83B763B528CCA9D400A64368 /* JasemNewsFeedsUITestsLaunchTests.swift */; };
		83B763C528CCEA5200A64368 /* NewsListViewModel.swift in Sources */ = {isa = PBXBuildFile; fileRef = 83B763C428CCEA5200A64368 /* NewsListViewModel.swift */; };
		83B763C728CCEC2000A64368 /* State.swift in Sources */ = {isa = PBXBuildFile; fileRef = 83B763C628CCEC2000A64368 /* State.swift */; };
		83FE882528CCF3E300E1855C /* NewsSourceDecoder.swift in Sources */ = {isa = PBXBuildFile; fileRef = 83FE882428CCF3E300E1855C /* NewsSourceDecoder.swift */; };
		83FE882728CCF46300E1855C /* NewsArticle.swift in Sources */ = {isa = PBXBuildFile; fileRef = 83FE882628CCF46300E1855C /* NewsArticle.swift */; };
		83FE882928CCF49500E1855C /* NewsAPISource.swift in Sources */ = {isa = PBXBuildFile; fileRef = 83FE882828CCF49500E1855C /* NewsAPISource.swift */; };
		83FE882B28CCF4ED00E1855C /* NewsAPICategory.swift in Sources */ = {isa = PBXBuildFile; fileRef = 83FE882A28CCF4ED00E1855C /* NewsAPICategory.swift */; };
		83FE882D28CCF54800E1855C /* NewsAPILanguage.swift in Sources */ = {isa = PBXBuildFile; fileRef = 83FE882C28CCF54800E1855C /* NewsAPILanguage.swift */; };
		83FE882F28CCF5CC00E1855C /* NewsAPICountry.swift in Sources */ = {isa = PBXBuildFile; fileRef = 83FE882E28CCF5CC00E1855C /* NewsAPICountry.swift */; };
		83FE883128CCF64B00E1855C /* NewsAPIError.swift in Sources */ = {isa = PBXBuildFile; fileRef = 83FE883028CCF64B00E1855C /* NewsAPIError.swift */; };
		83FE883628CD301500E1855C /* NewsDetailsView.swift in Sources */ = {isa = PBXBuildFile; fileRef = 83FE883528CD301500E1855C /* NewsDetailsView.swift */; };
		83FE883828CD35C000E1855C /* FilterView.swift in Sources */ = {isa = PBXBuildFile; fileRef = 83FE883728CD35C000E1855C /* FilterView.swift */; };
/* End PBXBuildFile section */

/* Begin PBXContainerItemProxy section */
		83B763A628CCA9D400A64368 /* PBXContainerItemProxy */ = {
			isa = PBXContainerItemProxy;
			containerPortal = 83B7638D28CCA9D100A64368 /* Project object */;
			proxyType = 1;
			remoteGlobalIDString = 83B7639428CCA9D100A64368;
			remoteInfo = JasemNewsFeeds;
		};
		83B763B028CCA9D400A64368 /* PBXContainerItemProxy */ = {
			isa = PBXContainerItemProxy;
			containerPortal = 83B7638D28CCA9D100A64368 /* Project object */;
			proxyType = 1;
			remoteGlobalIDString = 83B7639428CCA9D100A64368;
			remoteInfo = JasemNewsFeeds;
		};
/* End PBXContainerItemProxy section */

/* Begin PBXFileReference section */
		8302801028CE4F52009771A0 /* FilterViewModel.swift */ = {isa = PBXFileReference; lastKnownFileType = sourcecode.swift; path = FilterViewModel.swift; sourceTree = "<group>"; };
		8302801428CE51AB009771A0 /* NewsDetailsViewModel.swift */ = {isa = PBXFileReference; lastKnownFileType = sourcecode.swift; path = NewsDetailsViewModel.swift; sourceTree = "<group>"; };
		83B7639528CCA9D100A64368 /* JasemNewsFeeds.app */ = {isa = PBXFileReference; explicitFileType = wrapper.application; includeInIndex = 0; path = JasemNewsFeeds.app; sourceTree = BUILT_PRODUCTS_DIR; };
		83B7639828CCA9D100A64368 /* RootView.swift */ = {isa = PBXFileReference; lastKnownFileType = sourcecode.swift; path = RootView.swift; sourceTree = "<group>"; };
		83B7639A28CCA9D100A64368 /* NewsListView.swift */ = {isa = PBXFileReference; lastKnownFileType = sourcecode.swift; path = NewsListView.swift; sourceTree = "<group>"; };
		83B7639C28CCA9D300A64368 /* Assets.xcassets */ = {isa = PBXFileReference; lastKnownFileType = folder.assetcatalog; path = Assets.xcassets; sourceTree = "<group>"; };
		83B7639F28CCA9D300A64368 /* Preview Assets.xcassets */ = {isa = PBXFileReference; lastKnownFileType = folder.assetcatalog; path = "Preview Assets.xcassets"; sourceTree = "<group>"; };
		83B763A528CCA9D400A64368 /* JasemNewsFeedsTests.xctest */ = {isa = PBXFileReference; explicitFileType = wrapper.cfbundle; includeInIndex = 0; path = JasemNewsFeedsTests.xctest; sourceTree = BUILT_PRODUCTS_DIR; };
		83B763A928CCA9D400A64368 /* JasemNewsFeedsTests.swift */ = {isa = PBXFileReference; lastKnownFileType = sourcecode.swift; path = JasemNewsFeedsTests.swift; sourceTree = "<group>"; };
		83B763AF28CCA9D400A64368 /* JasemNewsFeedsUITests.xctest */ = {isa = PBXFileReference; explicitFileType = wrapper.cfbundle; includeInIndex = 0; path = JasemNewsFeedsUITests.xctest; sourceTree = BUILT_PRODUCTS_DIR; };
		83B763B328CCA9D400A64368 /* JasemNewsFeedsUITests.swift */ = {isa = PBXFileReference; lastKnownFileType = sourcecode.swift; path = JasemNewsFeedsUITests.swift; sourceTree = "<group>"; };
		83B763B528CCA9D400A64368 /* JasemNewsFeedsUITestsLaunchTests.swift */ = {isa = PBXFileReference; lastKnownFileType = sourcecode.swift; path = JasemNewsFeedsUITestsLaunchTests.swift; sourceTree = "<group>"; };
		83B763C428CCEA5200A64368 /* NewsListViewModel.swift */ = {isa = PBXFileReference; lastKnownFileType = sourcecode.swift; path = NewsListViewModel.swift; sourceTree = "<group>"; };
		83B763C628CCEC2000A64368 /* State.swift */ = {isa = PBXFileReference; lastKnownFileType = sourcecode.swift; path = State.swift; sourceTree = "<group>"; };
		83FE882428CCF3E300E1855C /* NewsSourceDecoder.swift */ = {isa = PBXFileReference; lastKnownFileType = sourcecode.swift; path = NewsSourceDecoder.swift; sourceTree = "<group>"; };
		83FE882628CCF46300E1855C /* NewsArticle.swift */ = {isa = PBXFileReference; lastKnownFileType = sourcecode.swift; path = NewsArticle.swift; sourceTree = "<group>"; };
		83FE882828CCF49500E1855C /* NewsAPISource.swift */ = {isa = PBXFileReference; lastKnownFileType = sourcecode.swift; path = NewsAPISource.swift; sourceTree = "<group>"; };
		83FE882A28CCF4ED00E1855C /* NewsAPICategory.swift */ = {isa = PBXFileReference; lastKnownFileType = sourcecode.swift; path = NewsAPICategory.swift; sourceTree = "<group>"; };
		83FE882C28CCF54800E1855C /* NewsAPILanguage.swift */ = {isa = PBXFileReference; lastKnownFileType = sourcecode.swift; path = NewsAPILanguage.swift; sourceTree = "<group>"; };
		83FE882E28CCF5CC00E1855C /* NewsAPICountry.swift */ = {isa = PBXFileReference; lastKnownFileType = sourcecode.swift; path = NewsAPICountry.swift; sourceTree = "<group>"; };
		83FE883028CCF64B00E1855C /* NewsAPIError.swift */ = {isa = PBXFileReference; lastKnownFileType = sourcecode.swift; path = NewsAPIError.swift; sourceTree = "<group>"; };
		83FE883528CD301500E1855C /* NewsDetailsView.swift */ = {isa = PBXFileReference; lastKnownFileType = sourcecode.swift; path = NewsDetailsView.swift; sourceTree = "<group>"; };
		83FE883728CD35C000E1855C /* FilterView.swift */ = {isa = PBXFileReference; lastKnownFileType = sourcecode.swift; path = FilterView.swift; sourceTree = "<group>"; };
/* End PBXFileReference section */

/* Begin PBXFrameworksBuildPhase section */
		83B7639228CCA9D100A64368 /* Frameworks */ = {
			isa = PBXFrameworksBuildPhase;
			buildActionMask = 2147483647;
			files = (
			);
			runOnlyForDeploymentPostprocessing = 0;
		};
		83B763A228CCA9D400A64368 /* Frameworks */ = {
			isa = PBXFrameworksBuildPhase;
			buildActionMask = 2147483647;
			files = (
			);
			runOnlyForDeploymentPostprocessing = 0;
		};
		83B763AC28CCA9D400A64368 /* Frameworks */ = {
			isa = PBXFrameworksBuildPhase;
			buildActionMask = 2147483647;
			files = (
			);
			runOnlyForDeploymentPostprocessing = 0;
		};
/* End PBXFrameworksBuildPhase section */

/* Begin PBXGroup section */
		8302801228CE5100009771A0 /* Filter */ = {
			isa = PBXGroup;
			children = (
				83FE883728CD35C000E1855C /* FilterView.swift */,
				8302801028CE4F52009771A0 /* FilterViewModel.swift */,
			);
			path = Filter;
			sourceTree = "<group>";
		};
		8302801328CE5180009771A0 /* NewsDetails */ = {
			isa = PBXGroup;
			children = (
				83FE883528CD301500E1855C /* NewsDetailsView.swift */,
				8302801428CE51AB009771A0 /* NewsDetailsViewModel.swift */,
			);
			path = NewsDetails;
			sourceTree = "<group>";
		};
		8357F41228CE5B8D007F1C41 /* NewsAPIDecoder */ = {
			isa = PBXGroup;
			children = (
				83FE883028CCF64B00E1855C /* NewsAPIError.swift */,
				83FE882E28CCF5CC00E1855C /* NewsAPICountry.swift */,
				83FE882C28CCF54800E1855C /* NewsAPILanguage.swift */,
				83FE882A28CCF4ED00E1855C /* NewsAPICategory.swift */,
				83FE882828CCF49500E1855C /* NewsAPISource.swift */,
				83FE882628CCF46300E1855C /* NewsArticle.swift */,
				83FE882428CCF3E300E1855C /* NewsSourceDecoder.swift */,
			);
			path = NewsAPIDecoder;
			sourceTree = "<group>";
		};
		8357F41328CE5BEF007F1C41 /* NewsList */ = {
			isa = PBXGroup;
			children = (
				83B7639A28CCA9D100A64368 /* NewsListView.swift */,
				83B763C428CCEA5200A64368 /* NewsListViewModel.swift */,
			);
			path = NewsList;
			sourceTree = "<group>";
		};
		83B7638C28CCA9D100A64368 = {
			isa = PBXGroup;
			children = (
				8357F41228CE5B8D007F1C41 /* NewsAPIDecoder */,
				83B7639728CCA9D100A64368 /* JasemNewsFeeds */,
				83B763A828CCA9D400A64368 /* JasemNewsFeedsTests */,
				83B763B228CCA9D400A64368 /* JasemNewsFeedsUITests */,
				83B7639628CCA9D100A64368 /* Products */,
			);
			sourceTree = "<group>";
		};
		83B7639628CCA9D100A64368 /* Products */ = {
			isa = PBXGroup;
			children = (
				83B7639528CCA9D100A64368 /* JasemNewsFeeds.app */,
				83B763A528CCA9D400A64368 /* JasemNewsFeedsTests.xctest */,
				83B763AF28CCA9D400A64368 /* JasemNewsFeedsUITests.xctest */,
			);
			name = Products;
			sourceTree = "<group>";
		};
		83B7639728CCA9D100A64368 /* JasemNewsFeeds */ = {
			isa = PBXGroup;
			children = (
				83B7639828CCA9D100A64368 /* RootView.swift */,
				8357F41328CE5BEF007F1C41 /* NewsList */,
				83B7639C28CCA9D300A64368 /* Assets.xcassets */,
				83B7639E28CCA9D300A64368 /* Preview Content */,
				83B763C628CCEC2000A64368 /* State.swift */,
				8302801328CE5180009771A0 /* NewsDetails */,
				8302801228CE5100009771A0 /* Filter */,
			);
			path = JasemNewsFeeds;
			sourceTree = "<group>";
		};
		83B7639E28CCA9D300A64368 /* Preview Content */ = {
			isa = PBXGroup;
			children = (
				83B7639F28CCA9D300A64368 /* Preview Assets.xcassets */,
			);
			path = "Preview Content";
			sourceTree = "<group>";
		};
		83B763A828CCA9D400A64368 /* JasemNewsFeedsTests */ = {
			isa = PBXGroup;
			children = (
				83B763A928CCA9D400A64368 /* JasemNewsFeedsTests.swift */,
			);
			path = JasemNewsFeedsTests;
			sourceTree = "<group>";
		};
		83B763B228CCA9D400A64368 /* JasemNewsFeedsUITests */ = {
			isa = PBXGroup;
			children = (
				83B763B328CCA9D400A64368 /* JasemNewsFeedsUITests.swift */,
				83B763B528CCA9D400A64368 /* JasemNewsFeedsUITestsLaunchTests.swift */,
			);
			path = JasemNewsFeedsUITests;
			sourceTree = "<group>";
		};
/* End PBXGroup section */

/* Begin PBXNativeTarget section */
		83B7639428CCA9D100A64368 /* JasemNewsFeeds */ = {
			isa = PBXNativeTarget;
			buildConfigurationList = 83B763B928CCA9D400A64368 /* Build configuration list for PBXNativeTarget "JasemNewsFeeds" */;
			buildPhases = (
				83B7639128CCA9D100A64368 /* Sources */,
				83B7639228CCA9D100A64368 /* Frameworks */,
				83B7639328CCA9D100A64368 /* Resources */,
			);
			buildRules = (
			);
			dependencies = (
			);
			name = JasemNewsFeeds;
			productName = JasemNewsFeeds;
			productReference = 83B7639528CCA9D100A64368 /* JasemNewsFeeds.app */;
			productType = "com.apple.product-type.application";
		};
		83B763A428CCA9D400A64368 /* JasemNewsFeedsTests */ = {
			isa = PBXNativeTarget;
			buildConfigurationList = 83B763BC28CCA9D400A64368 /* Build configuration list for PBXNativeTarget "JasemNewsFeedsTests" */;
			buildPhases = (
				83B763A128CCA9D400A64368 /* Sources */,
				83B763A228CCA9D400A64368 /* Frameworks */,
				83B763A328CCA9D400A64368 /* Resources */,
			);
			buildRules = (
			);
			dependencies = (
				83B763A728CCA9D400A64368 /* PBXTargetDependency */,
			);
			name = JasemNewsFeedsTests;
			productName = JasemNewsFeedsTests;
			productReference = 83B763A528CCA9D400A64368 /* JasemNewsFeedsTests.xctest */;
			productType = "com.apple.product-type.bundle.unit-test";
		};
		83B763AE28CCA9D400A64368 /* JasemNewsFeedsUITests */ = {
			isa = PBXNativeTarget;
			buildConfigurationList = 83B763BF28CCA9D400A64368 /* Build configuration list for PBXNativeTarget "JasemNewsFeedsUITests" */;
			buildPhases = (
				83B763AB28CCA9D400A64368 /* Sources */,
				83B763AC28CCA9D400A64368 /* Frameworks */,
				83B763AD28CCA9D400A64368 /* Resources */,
			);
			buildRules = (
			);
			dependencies = (
				83B763B128CCA9D400A64368 /* PBXTargetDependency */,
			);
			name = JasemNewsFeedsUITests;
			productName = JasemNewsFeedsUITests;
			productReference = 83B763AF28CCA9D400A64368 /* JasemNewsFeedsUITests.xctest */;
			productType = "com.apple.product-type.bundle.ui-testing";
		};
/* End PBXNativeTarget section */

/* Begin PBXProject section */
		83B7638D28CCA9D100A64368 /* Project object */ = {
			isa = PBXProject;
			attributes = {
				BuildIndependentTargetsInParallel = 1;
				LastSwiftUpdateCheck = 1330;
				LastUpgradeCheck = 1330;
				TargetAttributes = {
					83B7639428CCA9D100A64368 = {
						CreatedOnToolsVersion = 13.3;
					};
					83B763A428CCA9D400A64368 = {
						CreatedOnToolsVersion = 13.3;
						TestTargetID = 83B7639428CCA9D100A64368;
					};
					83B763AE28CCA9D400A64368 = {
						CreatedOnToolsVersion = 13.3;
						TestTargetID = 83B7639428CCA9D100A64368;
					};
				};
			};
			buildConfigurationList = 83B7639028CCA9D100A64368 /* Build configuration list for PBXProject "JasemNewsFeeds" */;
			compatibilityVersion = "Xcode 13.0";
			developmentRegion = en;
			hasScannedForEncodings = 0;
			knownRegions = (
				en,
				Base,
			);
			mainGroup = 83B7638C28CCA9D100A64368;
			packageReferences = (
			);
			productRefGroup = 83B7639628CCA9D100A64368 /* Products */;
			projectDirPath = "";
			projectRoot = "";
			targets = (
				83B7639428CCA9D100A64368 /* JasemNewsFeeds */,
				83B763A428CCA9D400A64368 /* JasemNewsFeedsTests */,
				83B763AE28CCA9D400A64368 /* JasemNewsFeedsUITests */,
			);
		};
/* End PBXProject section */

/* Begin PBXResourcesBuildPhase section */
		83B7639328CCA9D100A64368 /* Resources */ = {
			isa = PBXResourcesBuildPhase;
			buildActionMask = 2147483647;
			files = (
				83B763A028CCA9D300A64368 /* Preview Assets.xcassets in Resources */,
				83B7639D28CCA9D300A64368 /* Assets.xcassets in Resources */,
			);
			runOnlyForDeploymentPostprocessing = 0;
		};
		83B763A328CCA9D400A64368 /* Resources */ = {
			isa = PBXResourcesBuildPhase;
			buildActionMask = 2147483647;
			files = (
			);
			runOnlyForDeploymentPostprocessing = 0;
		};
		83B763AD28CCA9D400A64368 /* Resources */ = {
			isa = PBXResourcesBuildPhase;
			buildActionMask = 2147483647;
			files = (
			);
			runOnlyForDeploymentPostprocessing = 0;
		};
/* End PBXResourcesBuildPhase section */

/* Begin PBXSourcesBuildPhase section */
		83B7639128CCA9D100A64368 /* Sources */ = {
			isa = PBXSourcesBuildPhase;
			buildActionMask = 2147483647;
			files = (
				83FE882F28CCF5CC00E1855C /* NewsAPICountry.swift in Sources */,
				8302801128CE4F52009771A0 /* FilterViewModel.swift in Sources */,
				83FE883828CD35C000E1855C /* FilterView.swift in Sources */,
				83FE883128CCF64B00E1855C /* NewsAPIError.swift in Sources */,
				83FE882D28CCF54800E1855C /* NewsAPILanguage.swift in Sources */,
				83FE882928CCF49500E1855C /* NewsAPISource.swift in Sources */,
				83B7639B28CCA9D100A64368 /* NewsListView.swift in Sources */,
				83FE882728CCF46300E1855C /* NewsArticle.swift in Sources */,
				83B7639928CCA9D100A64368 /* RootView.swift in Sources */,
				8302801528CE51AB009771A0 /* NewsDetailsViewModel.swift in Sources */,
				83B763C528CCEA5200A64368 /* NewsListViewModel.swift in Sources */,
				83FE883628CD301500E1855C /* NewsDetailsView.swift in Sources */,
				83FE882B28CCF4ED00E1855C /* NewsAPICategory.swift in Sources */,
				83FE882528CCF3E300E1855C /* NewsSourceDecoder.swift in Sources */,
				83B763C728CCEC2000A64368 /* State.swift in Sources */,
			);
			runOnlyForDeploymentPostprocessing = 0;
		};
		83B763A128CCA9D400A64368 /* Sources */ = {
			isa = PBXSourcesBuildPhase;
			buildActionMask = 2147483647;
			files = (
				83B763AA28CCA9D400A64368 /* JasemNewsFeedsTests.swift in Sources */,
			);
			runOnlyForDeploymentPostprocessing = 0;
		};
		83B763AB28CCA9D400A64368 /* Sources */ = {
			isa = PBXSourcesBuildPhase;
			buildActionMask = 2147483647;
			files = (
				83B763B628CCA9D400A64368 /* JasemNewsFeedsUITestsLaunchTests.swift in Sources */,
				83B763B428CCA9D400A64368 /* JasemNewsFeedsUITests.swift in Sources */,
			);
			runOnlyForDeploymentPostprocessing = 0;
		};
/* End PBXSourcesBuildPhase section */

/* Begin PBXTargetDependency section */
		83B763A728CCA9D400A64368 /* PBXTargetDependency */ = {
			isa = PBXTargetDependency;
			target = 83B7639428CCA9D100A64368 /* JasemNewsFeeds */;
			targetProxy = 83B763A628CCA9D400A64368 /* PBXContainerItemProxy */;
		};
		83B763B128CCA9D400A64368 /* PBXTargetDependency */ = {
			isa = PBXTargetDependency;
			target = 83B7639428CCA9D100A64368 /* JasemNewsFeeds */;
			targetProxy = 83B763B028CCA9D400A64368 /* PBXContainerItemProxy */;
		};
/* End PBXTargetDependency section */

/* Begin XCBuildConfiguration section */
		83B763B728CCA9D400A64368 /* Debug */ = {
			isa = XCBuildConfiguration;
			buildSettings = {
				ALWAYS_SEARCH_USER_PATHS = NO;
				CLANG_ANALYZER_NONNULL = YES;
				CLANG_ANALYZER_NUMBER_OBJECT_CONVERSION = YES_AGGRESSIVE;
				CLANG_CXX_LANGUAGE_STANDARD = "gnu++17";
				CLANG_ENABLE_MODULES = YES;
				CLANG_ENABLE_OBJC_ARC = YES;
				CLANG_ENABLE_OBJC_WEAK = YES;
				CLANG_WARN_BLOCK_CAPTURE_AUTORELEASING = YES;
				CLANG_WARN_BOOL_CONVERSION = YES;
				CLANG_WARN_COMMA = YES;
				CLANG_WARN_CONSTANT_CONVERSION = YES;
				CLANG_WARN_DEPRECATED_OBJC_IMPLEMENTATIONS = YES;
				CLANG_WARN_DIRECT_OBJC_ISA_USAGE = YES_ERROR;
				CLANG_WARN_DOCUMENTATION_COMMENTS = YES;
				CLANG_WARN_EMPTY_BODY = YES;
				CLANG_WARN_ENUM_CONVERSION = YES;
				CLANG_WARN_INFINITE_RECURSION = YES;
				CLANG_WARN_INT_CONVERSION = YES;
				CLANG_WARN_NON_LITERAL_NULL_CONVERSION = YES;
				CLANG_WARN_OBJC_IMPLICIT_RETAIN_SELF = YES;
				CLANG_WARN_OBJC_LITERAL_CONVERSION = YES;
				CLANG_WARN_OBJC_ROOT_CLASS = YES_ERROR;
				CLANG_WARN_QUOTED_INCLUDE_IN_FRAMEWORK_HEADER = YES;
				CLANG_WARN_RANGE_LOOP_ANALYSIS = YES;
				CLANG_WARN_STRICT_PROTOTYPES = YES;
				CLANG_WARN_SUSPICIOUS_MOVE = YES;
				CLANG_WARN_UNGUARDED_AVAILABILITY = YES_AGGRESSIVE;
				CLANG_WARN_UNREACHABLE_CODE = YES;
				CLANG_WARN__DUPLICATE_METHOD_MATCH = YES;
				COPY_PHASE_STRIP = NO;
				DEBUG_INFORMATION_FORMAT = dwarf;
				ENABLE_STRICT_OBJC_MSGSEND = YES;
				ENABLE_TESTABILITY = YES;
				GCC_C_LANGUAGE_STANDARD = gnu11;
				GCC_DYNAMIC_NO_PIC = NO;
				GCC_NO_COMMON_BLOCKS = YES;
				GCC_OPTIMIZATION_LEVEL = 0;
				GCC_PREPROCESSOR_DEFINITIONS = (
					"DEBUG=1",
					"$(inherited)",
				);
				GCC_WARN_64_TO_32_BIT_CONVERSION = YES;
				GCC_WARN_ABOUT_RETURN_TYPE = YES_ERROR;
				GCC_WARN_UNDECLARED_SELECTOR = YES;
				GCC_WARN_UNINITIALIZED_AUTOS = YES_AGGRESSIVE;
				GCC_WARN_UNUSED_FUNCTION = YES;
				GCC_WARN_UNUSED_VARIABLE = YES;
				IPHONEOS_DEPLOYMENT_TARGET = 15.4;
				MTL_ENABLE_DEBUG_INFO = INCLUDE_SOURCE;
				MTL_FAST_MATH = YES;
				ONLY_ACTIVE_ARCH = YES;
				SDKROOT = iphoneos;
				SWIFT_ACTIVE_COMPILATION_CONDITIONS = DEBUG;
				SWIFT_OPTIMIZATION_LEVEL = "-Onone";
			};
			name = Debug;
		};
		83B763B828CCA9D400A64368 /* Release */ = {
			isa = XCBuildConfiguration;
			buildSettings = {
				ALWAYS_SEARCH_USER_PATHS = NO;
				CLANG_ANALYZER_NONNULL = YES;
				CLANG_ANALYZER_NUMBER_OBJECT_CONVERSION = YES_AGGRESSIVE;
				CLANG_CXX_LANGUAGE_STANDARD = "gnu++17";
				CLANG_ENABLE_MODULES = YES;
				CLANG_ENABLE_OBJC_ARC = YES;
				CLANG_ENABLE_OBJC_WEAK = YES;
				CLANG_WARN_BLOCK_CAPTURE_AUTORELEASING = YES;
				CLANG_WARN_BOOL_CONVERSION = YES;
				CLANG_WARN_COMMA = YES;
				CLANG_WARN_CONSTANT_CONVERSION = YES;
				CLANG_WARN_DEPRECATED_OBJC_IMPLEMENTATIONS = YES;
				CLANG_WARN_DIRECT_OBJC_ISA_USAGE = YES_ERROR;
				CLANG_WARN_DOCUMENTATION_COMMENTS = YES;
				CLANG_WARN_EMPTY_BODY = YES;
				CLANG_WARN_ENUM_CONVERSION = YES;
				CLANG_WARN_INFINITE_RECURSION = YES;
				CLANG_WARN_INT_CONVERSION = YES;
				CLANG_WARN_NON_LITERAL_NULL_CONVERSION = YES;
				CLANG_WARN_OBJC_IMPLICIT_RETAIN_SELF = YES;
				CLANG_WARN_OBJC_LITERAL_CONVERSION = YES;
				CLANG_WARN_OBJC_ROOT_CLASS = YES_ERROR;
				CLANG_WARN_QUOTED_INCLUDE_IN_FRAMEWORK_HEADER = YES;
				CLANG_WARN_RANGE_LOOP_ANALYSIS = YES;
				CLANG_WARN_STRICT_PROTOTYPES = YES;
				CLANG_WARN_SUSPICIOUS_MOVE = YES;
				CLANG_WARN_UNGUARDED_AVAILABILITY = YES_AGGRESSIVE;
				CLANG_WARN_UNREACHABLE_CODE = YES;
				CLANG_WARN__DUPLICATE_METHOD_MATCH = YES;
				COPY_PHASE_STRIP = NO;
				DEBUG_INFORMATION_FORMAT = "dwarf-with-dsym";
				ENABLE_NS_ASSERTIONS = NO;
				ENABLE_STRICT_OBJC_MSGSEND = YES;
				GCC_C_LANGUAGE_STANDARD = gnu11;
				GCC_NO_COMMON_BLOCKS = YES;
				GCC_WARN_64_TO_32_BIT_CONVERSION = YES;
				GCC_WARN_ABOUT_RETURN_TYPE = YES_ERROR;
				GCC_WARN_UNDECLARED_SELECTOR = YES;
				GCC_WARN_UNINITIALIZED_AUTOS = YES_AGGRESSIVE;
				GCC_WARN_UNUSED_FUNCTION = YES;
				GCC_WARN_UNUSED_VARIABLE = YES;
				IPHONEOS_DEPLOYMENT_TARGET = 15.4;
				MTL_ENABLE_DEBUG_INFO = NO;
				MTL_FAST_MATH = YES;
				SDKROOT = iphoneos;
				SWIFT_COMPILATION_MODE = wholemodule;
				SWIFT_OPTIMIZATION_LEVEL = "-O";
				VALIDATE_PRODUCT = YES;
			};
			name = Release;
		};
		83B763BA28CCA9D400A64368 /* Debug */ = {
			isa = XCBuildConfiguration;
			buildSettings = {
				ASSETCATALOG_COMPILER_APPICON_NAME = AppIcon;
				ASSETCATALOG_COMPILER_GLOBAL_ACCENT_COLOR_NAME = AccentColor;
				CODE_SIGN_STYLE = Automatic;
				CURRENT_PROJECT_VERSION = 1;
				DEVELOPMENT_ASSET_PATHS = "\"JasemNewsFeeds/Preview Content\"";
				DEVELOPMENT_TEAM = X6357AD299;
				ENABLE_PREVIEWS = YES;
				GENERATE_INFOPLIST_FILE = YES;
				INFOPLIST_KEY_UIApplicationSceneManifest_Generation = YES;
				INFOPLIST_KEY_UIApplicationSupportsIndirectInputEvents = YES;
				INFOPLIST_KEY_UILaunchScreen_Generation = YES;
				INFOPLIST_KEY_UISupportedInterfaceOrientations_iPad = "UIInterfaceOrientationPortrait UIInterfaceOrientationPortraitUpsideDown UIInterfaceOrientationLandscapeLeft UIInterfaceOrientationLandscapeRight";
				INFOPLIST_KEY_UISupportedInterfaceOrientations_iPhone = "UIInterfaceOrientationPortrait UIInterfaceOrientationLandscapeLeft UIInterfaceOrientationLandscapeRight";
				LD_RUNPATH_SEARCH_PATHS = (
					"$(inherited)",
					"@executable_path/Frameworks",
				);
				MARKETING_VERSION = 1.0;
				PRODUCT_BUNDLE_IDENTIFIER = com.jasem.JasemNewsFeeds.JasemNewsFeeds;
				PRODUCT_NAME = "$(TARGET_NAME)";
				SWIFT_EMIT_LOC_STRINGS = YES;
				SWIFT_VERSION = 5.0;
				TARGETED_DEVICE_FAMILY = "1,2";
			};
			name = Debug;
		};
		83B763BB28CCA9D400A64368 /* Release */ = {
			isa = XCBuildConfiguration;
			buildSettings = {
				ASSETCATALOG_COMPILER_APPICON_NAME = AppIcon;
				ASSETCATALOG_COMPILER_GLOBAL_ACCENT_COLOR_NAME = AccentColor;
				CODE_SIGN_STYLE = Automatic;
				CURRENT_PROJECT_VERSION = 1;
				DEVELOPMENT_ASSET_PATHS = "\"JasemNewsFeeds/Preview Content\"";
				DEVELOPMENT_TEAM = X6357AD299;
				ENABLE_PREVIEWS = YES;
				GENERATE_INFOPLIST_FILE = YES;
				INFOPLIST_KEY_UIApplicationSceneManifest_Generation = YES;
				INFOPLIST_KEY_UIApplicationSupportsIndirectInputEvents = YES;
				INFOPLIST_KEY_UILaunchScreen_Generation = YES;
				INFOPLIST_KEY_UISupportedInterfaceOrientations_iPad = "UIInterfaceOrientationPortrait UIInterfaceOrientationPortraitUpsideDown UIInterfaceOrientationLandscapeLeft UIInterfaceOrientationLandscapeRight";
				INFOPLIST_KEY_UISupportedInterfaceOrientations_iPhone = "UIInterfaceOrientationPortrait UIInterfaceOrientationLandscapeLeft UIInterfaceOrientationLandscapeRight";
				LD_RUNPATH_SEARCH_PATHS = (
					"$(inherited)",
					"@executable_path/Frameworks",
				);
				MARKETING_VERSION = 1.0;
				PRODUCT_BUNDLE_IDENTIFIER = com.jasem.JasemNewsFeeds.JasemNewsFeeds;
				PRODUCT_NAME = "$(TARGET_NAME)";
				SWIFT_EMIT_LOC_STRINGS = YES;
				SWIFT_VERSION = 5.0;
				TARGETED_DEVICE_FAMILY = "1,2";
			};
			name = Release;
		};
		83B763BD28CCA9D400A64368 /* Debug */ = {
			isa = XCBuildConfiguration;
			buildSettings = {
				ALWAYS_EMBED_SWIFT_STANDARD_LIBRARIES = YES;
				BUNDLE_LOADER = "$(TEST_HOST)";
				CODE_SIGN_STYLE = Automatic;
				CURRENT_PROJECT_VERSION = 1;
				DEVELOPMENT_TEAM = X6357AD299;
				GENERATE_INFOPLIST_FILE = YES;
				IPHONEOS_DEPLOYMENT_TARGET = 15.4;
				MARKETING_VERSION = 1.0;
				PRODUCT_BUNDLE_IDENTIFIER = com.jasem.JasemNewsFeeds.JasemNewsFeedsTests;
				PRODUCT_NAME = "$(TARGET_NAME)";
				SWIFT_EMIT_LOC_STRINGS = NO;
				SWIFT_VERSION = 5.0;
				TARGETED_DEVICE_FAMILY = "1,2";
				TEST_HOST = "$(BUILT_PRODUCTS_DIR)/JasemNewsFeeds.app/JasemNewsFeeds";
			};
			name = Debug;
		};
		83B763BE28CCA9D400A64368 /* Release */ = {
			isa = XCBuildConfiguration;
			buildSettings = {
				ALWAYS_EMBED_SWIFT_STANDARD_LIBRARIES = YES;
				BUNDLE_LOADER = "$(TEST_HOST)";
				CODE_SIGN_STYLE = Automatic;
				CURRENT_PROJECT_VERSION = 1;
				DEVELOPMENT_TEAM = X6357AD299;
				GENERATE_INFOPLIST_FILE = YES;
				IPHONEOS_DEPLOYMENT_TARGET = 15.4;
				MARKETING_VERSION = 1.0;
				PRODUCT_BUNDLE_IDENTIFIER = com.jasem.JasemNewsFeeds.JasemNewsFeedsTests;
				PRODUCT_NAME = "$(TARGET_NAME)";
				SWIFT_EMIT_LOC_STRINGS = NO;
				SWIFT_VERSION = 5.0;
				TARGETED_DEVICE_FAMILY = "1,2";
				TEST_HOST = "$(BUILT_PRODUCTS_DIR)/JasemNewsFeeds.app/JasemNewsFeeds";
			};
			name = Release;
		};
		83B763C028CCA9D400A64368 /* Debug */ = {
			isa = XCBuildConfiguration;
			buildSettings = {
				ALWAYS_EMBED_SWIFT_STANDARD_LIBRARIES = YES;
				CODE_SIGN_STYLE = Automatic;
				CURRENT_PROJECT_VERSION = 1;
				DEVELOPMENT_TEAM = X6357AD299;
				GENERATE_INFOPLIST_FILE = YES;
				MARKETING_VERSION = 1.0;
				PRODUCT_BUNDLE_IDENTIFIER = com.jasem.JasemNewsFeeds.JasemNewsFeedsUITests;
				PRODUCT_NAME = "$(TARGET_NAME)";
				SWIFT_EMIT_LOC_STRINGS = NO;
				SWIFT_VERSION = 5.0;
				TARGETED_DEVICE_FAMILY = "1,2";
				TEST_TARGET_NAME = JasemNewsFeeds;
			};
			name = Debug;
		};
		83B763C128CCA9D400A64368 /* Release */ = {
			isa = XCBuildConfiguration;
			buildSettings = {
				ALWAYS_EMBED_SWIFT_STANDARD_LIBRARIES = YES;
				CODE_SIGN_STYLE = Automatic;
				CURRENT_PROJECT_VERSION = 1;
				DEVELOPMENT_TEAM = X6357AD299;
				GENERATE_INFOPLIST_FILE = YES;
				MARKETING_VERSION = 1.0;
				PRODUCT_BUNDLE_IDENTIFIER = com.jasem.JasemNewsFeeds.JasemNewsFeedsUITests;
				PRODUCT_NAME = "$(TARGET_NAME)";
				SWIFT_EMIT_LOC_STRINGS = NO;
				SWIFT_VERSION = 5.0;
				TARGETED_DEVICE_FAMILY = "1,2";
				TEST_TARGET_NAME = JasemNewsFeeds;
			};
			name = Release;
		};
/* End XCBuildConfiguration section */

/* Begin XCConfigurationList section */
		83B7639028CCA9D100A64368 /* Build configuration list for PBXProject "JasemNewsFeeds" */ = {
			isa = XCConfigurationList;
			buildConfigurations = (
				83B763B728CCA9D400A64368 /* Debug */,
				83B763B828CCA9D400A64368 /* Release */,
			);
			defaultConfigurationIsVisible = 0;
			defaultConfigurationName = Release;
		};
		83B763B928CCA9D400A64368 /* Build configuration list for PBXNativeTarget "JasemNewsFeeds" */ = {
			isa = XCConfigurationList;
			buildConfigurations = (
				83B763BA28CCA9D400A64368 /* Debug */,
				83B763BB28CCA9D400A64368 /* Release */,
			);
			defaultConfigurationIsVisible = 0;
			defaultConfigurationName = Release;
		};
		83B763BC28CCA9D400A64368 /* Build configuration list for PBXNativeTarget "JasemNewsFeedsTests" */ = {
			isa = XCConfigurationList;
			buildConfigurations = (
				83B763BD28CCA9D400A64368 /* Debug */,
				83B763BE28CCA9D400A64368 /* Release */,
			);
			defaultConfigurationIsVisible = 0;
			defaultConfigurationName = Release;
		};
		83B763BF28CCA9D400A64368 /* Build configuration list for PBXNativeTarget "JasemNewsFeedsUITests" */ = {
			isa = XCConfigurationList;
			buildConfigurations = (
				83B763C028CCA9D400A64368 /* Debug */,
				83B763C128CCA9D400A64368 /* Release */,
			);
			defaultConfigurationIsVisible = 0;
			defaultConfigurationName = Release;
		};
/* End XCConfigurationList section */
	};
	rootObject = 83B7638D28CCA9D100A64368 /* Project object */;
}
